PODS:
  - Alamofire (4.9.1)
  - CryptoSwift (1.1.3)
  - GoogleMaps (3.6.0):
    - GoogleMaps/Maps (= 3.6.0)
  - GoogleMaps/Base (3.6.0)
  - GoogleMaps/Maps (3.6.0):
    - GoogleMaps/Base
  - GooglePlaces (3.6.0):
    - GoogleMaps/Base (= 3.6.0)
  - iOSDropDown (0.3.4)
  - IQKeyboardManager (6.5.3)
  - MarqueeLabel/Swift (3.2.1)
  - NotificationBannerSwift (2.0.1):
    - MarqueeLabel/Swift (~> 3.2.0)
    - SnapKit (~> 4.2.0)
  - PKHUD (5.3.0)
  - SDWebImage (5.2.5):
    - SDWebImage/Core (= 5.2.5)
  - SDWebImage/Core (5.2.5)
  - SnapKit (4.2.0)
  - SWXMLHash (5.0.1)
  - XLPagerTabStrip (9.0.0)

DEPENDENCIES:
  - Alamofire
  - CryptoSwift (~> 1.0)
  - GoogleMaps
  - GooglePlaces
  - iOSDropDown
  - IQKeyboardManager
  - NotificationBannerSwift (= 2.0.1)
  - PKHUD (~> 5.0)
  - SDWebImage
  - SWXMLHash (~> 5.0.0)
  - XLPagerTabStrip (~> 9.0)

SPEC REPOS:
  trunk:
    - Alamofire
    - CryptoSwift
    - GoogleMaps
    - GooglePlaces
    - iOSDropDown
    - IQKeyboardManager
    - MarqueeLabel
    - NotificationBannerSwift
    - PKHUD
    - SDWebImage
    - SnapKit
    - SWXMLHash
    - XLPagerTabStrip

SPEC CHECKSUMS:
  Alamofire: 85e8a02c69d6020a0d734f6054870d7ecb75cf18
  CryptoSwift: 6b6e488df0598b3e9fa49254ed1a65e8c1b1e10b
  GoogleMaps: 82f8fe307193bb4de6ef6bf9e88f1d624b718f9d
  GooglePlaces: 1b9d29cf3e164903d873600f511f42acdfe85294
  iOSDropDown: c10a761f9a00c3f1cc9d3bce43ae504628e2f692
  IQKeyboardManager: c2f901164d56807a35788483584d09fa69192e8e
  MarqueeLabel: 2daf039bf916937c8a4c9adfc13577cc5e51b4ce
  NotificationBannerSwift: 007774aa590cc9680647b92b2f217bef5c00c32c
  PKHUD: 98f3e4bc904b9c916f1c5bb6d765365b5357291b
  SDWebImage: 4eabf2fa6695c95c47724214417a9c036c965e4a
  SnapKit: fe8a619752f3f27075cc9a90244d75c6c3f27e2a
  SWXMLHash: 9cc0c2e4807926c74377724aa8722ee5707a0485
  XLPagerTabStrip: 61c57fd61f611ee5f01ff1495ad6fbee8bf496c5

PODFILE CHECKSUM: b756dcc0299257a9d819544bfffde607d720e32e

COCOAPODS: 1.8.4
