// !$*UTF8*$!
{
	archiveVersion = 1;
	classes = {
	};
	objectVersion = 51;
	objects = {

/* Begin PBXBuildFile section */
		2BC2DC5B5F0EBB59E55DB433 /* Pods_DrinksMate.framework in Frameworks */ = {isa = PBXBuildFile; fileRef = 90668F7AB62403E17E15DF0C /* Pods_DrinksMate.framework */; };
		670A0E8023687E090000EE68 /* PolicyVC.swift in Sources */ = {isa = PBXBuildFile; fileRef = 670A0E7F23687E090000EE68 /* PolicyVC.swift */; };
		670A0E83236881A10000EE68 /* privacy_policy.htm in Resources */ = {isa = PBXBuildFile; fileRef = 670A0E81236881A00000EE68 /* privacy_policy.htm */; };
		670A0E84236881A10000EE68 /* terms_conditions.htm in Resources */ = {isa = PBXBuildFile; fileRef = 670A0E82236881A00000EE68 /* terms_conditions.htm */; };
		671BD67D239DA18F008A29EF /* Order.swift in Sources */ = {isa = PBXBuildFile; fileRef = 671BD67C239DA18F008A29EF /* Order.swift */; };
		671BD67F239DA228008A29EF /* Payment.swift in Sources */ = {isa = PBXBuildFile; fileRef = 671BD67E239DA228008A29EF /* Payment.swift */; };
		671BD681239DBC18008A29EF /* OrderHistoryCell.swift in Sources */ = {isa = PBXBuildFile; fileRef = 671BD680239DBC18008A29EF /* OrderHistoryCell.swift */; };
		67200935237D638F00006DCB /* MenuItemVC.swift in Sources */ = {isa = PBXBuildFile; fileRef = 67200934237D638F00006DCB /* MenuItemVC.swift */; };
		6722CFA62370139B002824F7 /* MainVC.swift in Sources */ = {isa = PBXBuildFile; fileRef = 6722CFA52370139B002824F7 /* MainVC.swift */; };
		6722CFA8237013CF002824F7 /* HomeVC.swift in Sources */ = {isa = PBXBuildFile; fileRef = 6722CFA7237013CF002824F7 /* HomeVC.swift */; };
		6722CFAA237013E8002824F7 /* AccountVC.swift in Sources */ = {isa = PBXBuildFile; fileRef = 6722CFA9237013E8002824F7 /* AccountVC.swift */; };
		6722CFAC237013FA002824F7 /* CartVC.swift in Sources */ = {isa = PBXBuildFile; fileRef = 6722CFAB237013FA002824F7 /* CartVC.swift */; };
		672423EB2379C4DE00A2A170 /* ProfileVC.swift in Sources */ = {isa = PBXBuildFile; fileRef = 672423EA2379C4DE00A2A170 /* ProfileVC.swift */; };
		672423ED2379C51400A2A170 /* AddressVC.swift in Sources */ = {isa = PBXBuildFile; fileRef = 672423EC2379C51400A2A170 /* AddressVC.swift */; };
		672423EF2379C52400A2A170 /* OrdersVC.swift in Sources */ = {isa = PBXBuildFile; fileRef = 672423EE2379C52400A2A170 /* OrdersVC.swift */; };
		672423F12379C53900A2A170 /* RewardsVC.swift in Sources */ = {isa = PBXBuildFile; fileRef = 672423F02379C53900A2A170 /* RewardsVC.swift */; };
		672423F42379E16C00A2A170 /* ResetPassVC.swift in Sources */ = {isa = PBXBuildFile; fileRef = 672423F32379E16C00A2A170 /* ResetPassVC.swift */; };
		6729146C2398118D005C02AB /* SearchVC.swift in Sources */ = {isa = PBXBuildFile; fileRef = 6729146B2398118D005C02AB /* SearchVC.swift */; };
		67309E3D2375865D004E5D55 /* IntroCell.swift in Sources */ = {isa = PBXBuildFile; fileRef = 67309E3C2375865D004E5D55 /* IntroCell.swift */; };
		67309E412377EA3F004E5D55 /* MenuVC.swift in Sources */ = {isa = PBXBuildFile; fileRef = 67309E402377EA3F004E5D55 /* MenuVC.swift */; };
		673201F4239E70040075EABD /* Notification.swift in Sources */ = {isa = PBXBuildFile; fileRef = 673201F3239E70040075EABD /* Notification.swift */; };
		673201F6239E79BC0075EABD /* NotificationVC.swift in Sources */ = {isa = PBXBuildFile; fileRef = 673201F5239E79BC0075EABD /* NotificationVC.swift */; };
		673201F8239E994B0075EABD /* PayMarkVC.swift in Sources */ = {isa = PBXBuildFile; fileRef = 673201F7239E994B0075EABD /* PayMarkVC.swift */; };
		673201FA239E996D0075EABD /* CodVC.swift in Sources */ = {isa = PBXBuildFile; fileRef = 673201F9239E996D0075EABD /* CodVC.swift */; };
		6735A5A523935AA50005B10D /* CheckOutVC.swift in Sources */ = {isa = PBXBuildFile; fileRef = 6735A5A423935AA50005B10D /* CheckOutVC.swift */; };
		6738F320238DB32A00D35E13 /* SelectAddressVC.swift in Sources */ = {isa = PBXBuildFile; fileRef = 6738F31F238DB32A00D35E13 /* SelectAddressVC.swift */; };
		6738F322238EB85500D35E13 /* WishListVC.swift in Sources */ = {isa = PBXBuildFile; fileRef = 6738F321238EB85500D35E13 /* WishListVC.swift */; };
		6738F324238FDEB600D35E13 /* MenuItemCell.swift in Sources */ = {isa = PBXBuildFile; fileRef = 6738F323238FDEB600D35E13 /* MenuItemCell.swift */; };
		6738F3262390A94F00D35E13 /* CategoryItemCell.swift in Sources */ = {isa = PBXBuildFile; fileRef = 6738F3252390A94F00D35E13 /* CategoryItemCell.swift */; };
		6738F3282390A96A00D35E13 /* WishlistCell.swift in Sources */ = {isa = PBXBuildFile; fileRef = 6738F3272390A96A00D35E13 /* WishlistCell.swift */; };
		6738F32A23917C8100D35E13 /* CartCell.swift in Sources */ = {isa = PBXBuildFile; fileRef = 6738F32923917C8100D35E13 /* CartCell.swift */; };
		67739D792367034300B43C34 /* AppDelegate.swift in Sources */ = {isa = PBXBuildFile; fileRef = 67739D782367034300B43C34 /* AppDelegate.swift */; };
		67739D7D2367034300B43C34 /* ViewController.swift in Sources */ = {isa = PBXBuildFile; fileRef = 67739D7C2367034300B43C34 /* ViewController.swift */; };
		67739D802367034300B43C34 /* Main.storyboard in Resources */ = {isa = PBXBuildFile; fileRef = 67739D7E2367034300B43C34 /* Main.storyboard */; };
		67739D822367034A00B43C34 /* Assets.xcassets in Resources */ = {isa = PBXBuildFile; fileRef = 67739D812367034A00B43C34 /* Assets.xcassets */; };
		67739D852367034A00B43C34 /* LaunchScreen.storyboard in Resources */ = {isa = PBXBuildFile; fileRef = 67739D832367034A00B43C34 /* LaunchScreen.storyboard */; };
		67739D902367034A00B43C34 /* DrinksMateTests.swift in Sources */ = {isa = PBXBuildFile; fileRef = 67739D8F2367034A00B43C34 /* DrinksMateTests.swift */; };
		67739D9B2367034A00B43C34 /* DrinksMateUITests.swift in Sources */ = {isa = PBXBuildFile; fileRef = 67739D9A2367034A00B43C34 /* DrinksMateUITests.swift */; };
		67739DA92367810B00B43C34 /* FirstVC.swift in Sources */ = {isa = PBXBuildFile; fileRef = 67739DA82367810B00B43C34 /* FirstVC.swift */; };
		67739DAB236782CF00B43C34 /* SigninVC.swift in Sources */ = {isa = PBXBuildFile; fileRef = 67739DAA236782CF00B43C34 /* SigninVC.swift */; };
		67739DAD236782E100B43C34 /* RegisterVC.swift in Sources */ = {isa = PBXBuildFile; fileRef = 67739DAC236782E100B43C34 /* RegisterVC.swift */; };
		67739DAF2367833600B43C34 /* ForgotPasswordVC.swift in Sources */ = {isa = PBXBuildFile; fileRef = 67739DAE2367833600B43C34 /* ForgotPasswordVC.swift */; };
		6788060D23A9810200F5C533 /* splash_video.mp4 in Resources */ = {isa = PBXBuildFile; fileRef = 6788060C23A9810200F5C533 /* splash_video.mp4 */; };
		678C873223743DD000B4E133 /* ResetPasswordVC.swift in Sources */ = {isa = PBXBuildFile; fileRef = 678C873123743DD000B4E133 /* ResetPasswordVC.swift */; };
		678C873423752F0400B4E133 /* BarVC.swift in Sources */ = {isa = PBXBuildFile; fileRef = 678C873323752F0400B4E133 /* BarVC.swift */; };
		6792ABAC23960F61009F57B7 /* AddressCell.swift in Sources */ = {isa = PBXBuildFile; fileRef = 6792ABAB23960F61009F57B7 /* AddressCell.swift */; };
		6792ABAE239621C1009F57B7 /* UserAddress.swift in Sources */ = {isa = PBXBuildFile; fileRef = 6792ABAD239621C1009F57B7 /* UserAddress.swift */; };
		6792ABB023974E76009F57B7 /* CheckoutCell.swift in Sources */ = {isa = PBXBuildFile; fileRef = 6792ABAF23974E76009F57B7 /* CheckoutCell.swift */; };
		679A5164237A82B30050A41E /* AccountMenuVC.swift in Sources */ = {isa = PBXBuildFile; fileRef = 679A5163237A82B30050A41E /* AccountMenuVC.swift */; };
		679A5169237A9A340050A41E /* UIView+Border.m in Sources */ = {isa = PBXBuildFile; fileRef = 679A5168237A9A340050A41E /* UIView+Border.m */; };
		679A516C237B396A0050A41E /* MenuCategory.swift in Sources */ = {isa = PBXBuildFile; fileRef = 679A516B237B396A0050A41E /* MenuCategory.swift */; };
		679A516E237B39790050A41E /* MenuItem.swift in Sources */ = {isa = PBXBuildFile; fileRef = 679A516D237B39790050A41E /* MenuItem.swift */; };
		679A5170237B57510050A41E /* OrderCell.swift in Sources */ = {isa = PBXBuildFile; fileRef = 679A516F237B57510050A41E /* OrderCell.swift */; };
		679A5172237BCF460050A41E /* CategoryVC.swift in Sources */ = {isa = PBXBuildFile; fileRef = 679A5171237BCF460050A41E /* CategoryVC.swift */; };
		679A5174237BF5A50050A41E /* CategoryCell.swift in Sources */ = {isa = PBXBuildFile; fileRef = 679A5173237BF5A50050A41E /* CategoryCell.swift */; };
		67A05A0C2377F22300C49877 /* about_us.htm in Resources */ = {isa = PBXBuildFile; fileRef = 67A05A0B2377F22300C49877 /* about_us.htm */; };
		67A05A0E2377F47F00C49877 /* ContactUsVC.swift in Sources */ = {isa = PBXBuildFile; fileRef = 67A05A0D2377F47F00C49877 /* ContactUsVC.swift */; };
		67AB3BC023B4CD5B0081B479 /* GoogleService-Info.plist in Resources */ = {isa = PBXBuildFile; fileRef = 67AB3BBF23B4CD5A0081B479 /* GoogleService-Info.plist */; };
		67E2CCE12389F64700EDF979 /* SubCategory.swift in Sources */ = {isa = PBXBuildFile; fileRef = 67E2CCE02389F64700EDF979 /* SubCategory.swift */; };
		67F3BFEA2368AD8F0075B0B2 /* AppUtil.swift in Sources */ = {isa = PBXBuildFile; fileRef = 67F3BFE92368AD8F0075B0B2 /* AppUtil.swift */; };
		67F8F0252369C51D00CB667C /* DrinkUser.swift in Sources */ = {isa = PBXBuildFile; fileRef = 67F8F0242369C51D00CB667C /* DrinkUser.swift */; };
/* End PBXBuildFile section */

/* Begin PBXContainerItemProxy section */
		67739D8C2367034A00B43C34 /* PBXContainerItemProxy */ = {
			isa = PBXContainerItemProxy;
			containerPortal = 67739D6D2367034300B43C34 /* Project object */;
			proxyType = 1;
			remoteGlobalIDString = 67739D742367034300B43C34;
			remoteInfo = DrinksMate;
		};
		67739D972367034A00B43C34 /* PBXContainerItemProxy */ = {
			isa = PBXContainerItemProxy;
			containerPortal = 67739D6D2367034300B43C34 /* Project object */;
			proxyType = 1;
			remoteGlobalIDString = 67739D742367034300B43C34;
			remoteInfo = DrinksMate;
		};
/* End PBXContainerItemProxy section */

/* Begin PBXFileReference section */
		670A0E7F23687E090000EE68 /* PolicyVC.swift */ = {isa = PBXFileReference; lastKnownFileType = sourcecode.swift; path = PolicyVC.swift; sourceTree = "<group>"; };
		670A0E81236881A00000EE68 /* privacy_policy.htm */ = {isa = PBXFileReference; fileEncoding = 4; lastKnownFileType = text.html; path = privacy_policy.htm; sourceTree = "<group>"; };
		670A0E82236881A00000EE68 /* terms_conditions.htm */ = {isa = PBXFileReference; fileEncoding = 4; lastKnownFileType = text.html; path = terms_conditions.htm; sourceTree = "<group>"; };
		671BD67C239DA18F008A29EF /* Order.swift */ = {isa = PBXFileReference; lastKnownFileType = sourcecode.swift; path = Order.swift; sourceTree = "<group>"; };
		671BD67E239DA228008A29EF /* Payment.swift */ = {isa = PBXFileReference; lastKnownFileType = sourcecode.swift; path = Payment.swift; sourceTree = "<group>"; };
		671BD680239DBC18008A29EF /* OrderHistoryCell.swift */ = {isa = PBXFileReference; lastKnownFileType = sourcecode.swift; path = OrderHistoryCell.swift; sourceTree = "<group>"; };
		67200934237D638F00006DCB /* MenuItemVC.swift */ = {isa = PBXFileReference; lastKnownFileType = sourcecode.swift; path = MenuItemVC.swift; sourceTree = "<group>"; };
		6722CFA52370139B002824F7 /* MainVC.swift */ = {isa = PBXFileReference; lastKnownFileType = sourcecode.swift; path = MainVC.swift; sourceTree = "<group>"; };
		6722CFA7237013CF002824F7 /* HomeVC.swift */ = {isa = PBXFileReference; lastKnownFileType = sourcecode.swift; path = HomeVC.swift; sourceTree = "<group>"; };
		6722CFA9237013E8002824F7 /* AccountVC.swift */ = {isa = PBXFileReference; lastKnownFileType = sourcecode.swift; path = AccountVC.swift; sourceTree = "<group>"; };
		6722CFAB237013FA002824F7 /* CartVC.swift */ = {isa = PBXFileReference; lastKnownFileType = sourcecode.swift; path = CartVC.swift; sourceTree = "<group>"; };
		672423EA2379C4DE00A2A170 /* ProfileVC.swift */ = {isa = PBXFileReference; lastKnownFileType = sourcecode.swift; path = ProfileVC.swift; sourceTree = "<group>"; };
		672423EC2379C51400A2A170 /* AddressVC.swift */ = {isa = PBXFileReference; lastKnownFileType = sourcecode.swift; path = AddressVC.swift; sourceTree = "<group>"; };
		672423EE2379C52400A2A170 /* OrdersVC.swift */ = {isa = PBXFileReference; lastKnownFileType = sourcecode.swift; path = OrdersVC.swift; sourceTree = "<group>"; };
		672423F02379C53900A2A170 /* RewardsVC.swift */ = {isa = PBXFileReference; lastKnownFileType = sourcecode.swift; path = RewardsVC.swift; sourceTree = "<group>"; };
		672423F32379E16C00A2A170 /* ResetPassVC.swift */ = {isa = PBXFileReference; lastKnownFileType = sourcecode.swift; path = ResetPassVC.swift; sourceTree = "<group>"; };
		6729146B2398118D005C02AB /* SearchVC.swift */ = {isa = PBXFileReference; lastKnownFileType = sourcecode.swift; path = SearchVC.swift; sourceTree = "<group>"; };
		67309E3C2375865D004E5D55 /* IntroCell.swift */ = {isa = PBXFileReference; lastKnownFileType = sourcecode.swift; path = IntroCell.swift; sourceTree = "<group>"; };
		67309E402377EA3F004E5D55 /* MenuVC.swift */ = {isa = PBXFileReference; lastKnownFileType = sourcecode.swift; path = MenuVC.swift; sourceTree = "<group>"; };
		673201F3239E70040075EABD /* Notification.swift */ = {isa = PBXFileReference; lastKnownFileType = sourcecode.swift; path = Notification.swift; sourceTree = "<group>"; };
		673201F5239E79BC0075EABD /* NotificationVC.swift */ = {isa = PBXFileReference; lastKnownFileType = sourcecode.swift; path = NotificationVC.swift; sourceTree = "<group>"; };
		673201F7239E994B0075EABD /* PayMarkVC.swift */ = {isa = PBXFileReference; lastKnownFileType = sourcecode.swift; path = PayMarkVC.swift; sourceTree = "<group>"; };
		673201F9239E996D0075EABD /* CodVC.swift */ = {isa = PBXFileReference; lastKnownFileType = sourcecode.swift; path = CodVC.swift; sourceTree = "<group>"; };
		6735A5A423935AA50005B10D /* CheckOutVC.swift */ = {isa = PBXFileReference; lastKnownFileType = sourcecode.swift; path = CheckOutVC.swift; sourceTree = "<group>"; };
		6738F31F238DB32A00D35E13 /* SelectAddressVC.swift */ = {isa = PBXFileReference; lastKnownFileType = sourcecode.swift; path = SelectAddressVC.swift; sourceTree = "<group>"; };
		6738F321238EB85500D35E13 /* WishListVC.swift */ = {isa = PBXFileReference; lastKnownFileType = sourcecode.swift; path = WishListVC.swift; sourceTree = "<group>"; };
		6738F323238FDEB600D35E13 /* MenuItemCell.swift */ = {isa = PBXFileReference; lastKnownFileType = sourcecode.swift; path = MenuItemCell.swift; sourceTree = "<group>"; };
		6738F3252390A94F00D35E13 /* CategoryItemCell.swift */ = {isa = PBXFileReference; lastKnownFileType = sourcecode.swift; path = CategoryItemCell.swift; sourceTree = "<group>"; };
		6738F3272390A96A00D35E13 /* WishlistCell.swift */ = {isa = PBXFileReference; lastKnownFileType = sourcecode.swift; path = WishlistCell.swift; sourceTree = "<group>"; };
		6738F32923917C8100D35E13 /* CartCell.swift */ = {isa = PBXFileReference; lastKnownFileType = sourcecode.swift; path = CartCell.swift; sourceTree = "<group>"; };
		67739D752367034300B43C34 /* DrinksMate.app */ = {isa = PBXFileReference; explicitFileType = wrapper.application; includeInIndex = 0; path = DrinksMate.app; sourceTree = BUILT_PRODUCTS_DIR; };
		67739D782367034300B43C34 /* AppDelegate.swift */ = {isa = PBXFileReference; lastKnownFileType = sourcecode.swift; path = AppDelegate.swift; sourceTree = "<group>"; };
		67739D7C2367034300B43C34 /* ViewController.swift */ = {isa = PBXFileReference; lastKnownFileType = sourcecode.swift; path = ViewController.swift; sourceTree = "<group>"; };
		67739D7F2367034300B43C34 /* Base */ = {isa = PBXFileReference; lastKnownFileType = file.storyboard; name = Base; path = Base.lproj/Main.storyboard; sourceTree = "<group>"; };
		67739D812367034A00B43C34 /* Assets.xcassets */ = {isa = PBXFileReference; lastKnownFileType = folder.assetcatalog; path = Assets.xcassets; sourceTree = "<group>"; };
		67739D842367034A00B43C34 /* Base */ = {isa = PBXFileReference; lastKnownFileType = file.storyboard; name = Base; path = Base.lproj/LaunchScreen.storyboard; sourceTree = "<group>"; };
		67739D862367034A00B43C34 /* Info.plist */ = {isa = PBXFileReference; lastKnownFileType = text.plist.xml; path = Info.plist; sourceTree = "<group>"; };
		67739D8B2367034A00B43C34 /* DrinksMateTests.xctest */ = {isa = PBXFileReference; explicitFileType = wrapper.cfbundle; includeInIndex = 0; path = DrinksMateTests.xctest; sourceTree = BUILT_PRODUCTS_DIR; };
		67739D8F2367034A00B43C34 /* DrinksMateTests.swift */ = {isa = PBXFileReference; lastKnownFileType = sourcecode.swift; path = DrinksMateTests.swift; sourceTree = "<group>"; };
		67739D912367034A00B43C34 /* Info.plist */ = {isa = PBXFileReference; lastKnownFileType = text.plist.xml; path = Info.plist; sourceTree = "<group>"; };
		67739D962367034A00B43C34 /* DrinksMateUITests.xctest */ = {isa = PBXFileReference; explicitFileType = wrapper.cfbundle; includeInIndex = 0; path = DrinksMateUITests.xctest; sourceTree = BUILT_PRODUCTS_DIR; };
		67739D9A2367034A00B43C34 /* DrinksMateUITests.swift */ = {isa = PBXFileReference; lastKnownFileType = sourcecode.swift; path = DrinksMateUITests.swift; sourceTree = "<group>"; };
		67739D9C2367034A00B43C34 /* Info.plist */ = {isa = PBXFileReference; lastKnownFileType = text.plist.xml; path = Info.plist; sourceTree = "<group>"; };
		67739DA82367810B00B43C34 /* FirstVC.swift */ = {isa = PBXFileReference; lastKnownFileType = sourcecode.swift; path = FirstVC.swift; sourceTree = "<group>"; };
		67739DAA236782CF00B43C34 /* SigninVC.swift */ = {isa = PBXFileReference; lastKnownFileType = sourcecode.swift; path = SigninVC.swift; sourceTree = "<group>"; };
		67739DAC236782E100B43C34 /* RegisterVC.swift */ = {isa = PBXFileReference; lastKnownFileType = sourcecode.swift; path = RegisterVC.swift; sourceTree = "<group>"; };
		67739DAE2367833600B43C34 /* ForgotPasswordVC.swift */ = {isa = PBXFileReference; lastKnownFileType = sourcecode.swift; path = ForgotPasswordVC.swift; sourceTree = "<group>"; };
		6788060C23A9810200F5C533 /* splash_video.mp4 */ = {isa = PBXFileReference; lastKnownFileType = file; name = splash_video.mp4; path = DrinksMate/splash_video.mp4; sourceTree = "<group>"; };
		678C873123743DD000B4E133 /* ResetPasswordVC.swift */ = {isa = PBXFileReference; lastKnownFileType = sourcecode.swift; path = ResetPasswordVC.swift; sourceTree = "<group>"; };
		678C873323752F0400B4E133 /* BarVC.swift */ = {isa = PBXFileReference; lastKnownFileType = sourcecode.swift; path = BarVC.swift; sourceTree = "<group>"; };
		6792ABAB23960F61009F57B7 /* AddressCell.swift */ = {isa = PBXFileReference; lastKnownFileType = sourcecode.swift; path = AddressCell.swift; sourceTree = "<group>"; };
		6792ABAD239621C1009F57B7 /* UserAddress.swift */ = {isa = PBXFileReference; lastKnownFileType = sourcecode.swift; path = UserAddress.swift; sourceTree = "<group>"; };
		6792ABAF23974E76009F57B7 /* CheckoutCell.swift */ = {isa = PBXFileReference; lastKnownFileType = sourcecode.swift; path = CheckoutCell.swift; sourceTree = "<group>"; };
		679A5163237A82B30050A41E /* AccountMenuVC.swift */ = {isa = PBXFileReference; lastKnownFileType = sourcecode.swift; path = AccountMenuVC.swift; sourceTree = "<group>"; };
		679A5166237A9A330050A41E /* DrinksMate-Bridging-Header.h */ = {isa = PBXFileReference; lastKnownFileType = sourcecode.c.h; path = "DrinksMate-Bridging-Header.h"; sourceTree = "<group>"; };
		679A5167237A9A340050A41E /* UIView+Border.h */ = {isa = PBXFileReference; fileEncoding = 4; lastKnownFileType = sourcecode.c.h; path = "UIView+Border.h"; sourceTree = "<group>"; };
		679A5168237A9A340050A41E /* UIView+Border.m */ = {isa = PBXFileReference; fileEncoding = 4; lastKnownFileType = sourcecode.c.objc; path = "UIView+Border.m"; sourceTree = "<group>"; };
		679A516B237B396A0050A41E /* MenuCategory.swift */ = {isa = PBXFileReference; lastKnownFileType = sourcecode.swift; path = MenuCategory.swift; sourceTree = "<group>"; };
		679A516D237B39790050A41E /* MenuItem.swift */ = {isa = PBXFileReference; lastKnownFileType = sourcecode.swift; path = MenuItem.swift; sourceTree = "<group>"; };
		679A516F237B57510050A41E /* OrderCell.swift */ = {isa = PBXFileReference; lastKnownFileType = sourcecode.swift; path = OrderCell.swift; sourceTree = "<group>"; };
		679A5171237BCF460050A41E /* CategoryVC.swift */ = {isa = PBXFileReference; lastKnownFileType = sourcecode.swift; path = CategoryVC.swift; sourceTree = "<group>"; };
		679A5173237BF5A50050A41E /* CategoryCell.swift */ = {isa = PBXFileReference; lastKnownFileType = sourcecode.swift; path = CategoryCell.swift; sourceTree = "<group>"; };
		67A05A0B2377F22300C49877 /* about_us.htm */ = {isa = PBXFileReference; fileEncoding = 4; lastKnownFileType = text.html; path = about_us.htm; sourceTree = "<group>"; };
		67A05A0D2377F47F00C49877 /* ContactUsVC.swift */ = {isa = PBXFileReference; lastKnownFileType = sourcecode.swift; path = ContactUsVC.swift; sourceTree = "<group>"; };
		67AB3BBF23B4CD5A0081B479 /* GoogleService-Info.plist */ = {isa = PBXFileReference; fileEncoding = 4; lastKnownFileType = text.plist.xml; path = "GoogleService-Info.plist"; sourceTree = "<group>"; };
		67AB3BC123B4F84A0081B479 /* DrinksMate.entitlements */ = {isa = PBXFileReference; lastKnownFileType = text.plist.entitlements; path = DrinksMate.entitlements; sourceTree = "<group>"; };
		67E2CCE02389F64700EDF979 /* SubCategory.swift */ = {isa = PBXFileReference; lastKnownFileType = sourcecode.swift; path = SubCategory.swift; sourceTree = "<group>"; };
		67F3BFE92368AD8F0075B0B2 /* AppUtil.swift */ = {isa = PBXFileReference; lastKnownFileType = sourcecode.swift; path = AppUtil.swift; sourceTree = "<group>"; };
		67F8F0242369C51D00CB667C /* DrinkUser.swift */ = {isa = PBXFileReference; lastKnownFileType = sourcecode.swift; path = DrinkUser.swift; sourceTree = "<group>"; };
		6B06B0480E5E917450A934E4 /* Pods-DrinksMate.release.xcconfig */ = {isa = PBXFileReference; includeInIndex = 1; lastKnownFileType = text.xcconfig; name = "Pods-DrinksMate.release.xcconfig"; path = "Target Support Files/Pods-DrinksMate/Pods-DrinksMate.release.xcconfig"; sourceTree = "<group>"; };
		90668F7AB62403E17E15DF0C /* Pods_DrinksMate.framework */ = {isa = PBXFileReference; explicitFileType = wrapper.framework; includeInIndex = 0; path = Pods_DrinksMate.framework; sourceTree = BUILT_PRODUCTS_DIR; };
		F1610FD7EDD897ACB2766FD3 /* Pods-DrinksMate.debug.xcconfig */ = {isa = PBXFileReference; includeInIndex = 1; lastKnownFileType = text.xcconfig; name = "Pods-DrinksMate.debug.xcconfig"; path = "Target Support Files/Pods-DrinksMate/Pods-DrinksMate.debug.xcconfig"; sourceTree = "<group>"; };
/* End PBXFileReference section */

/* Begin PBXFrameworksBuildPhase section */
		67739D722367034300B43C34 /* Frameworks */ = {
			isa = PBXFrameworksBuildPhase;
			buildActionMask = 2147483647;
			files = (
				2BC2DC5B5F0EBB59E55DB433 /* Pods_DrinksMate.framework in Frameworks */,
			);
			runOnlyForDeploymentPostprocessing = 0;
		};
		67739D882367034A00B43C34 /* Frameworks */ = {
			isa = PBXFrameworksBuildPhase;
			buildActionMask = 2147483647;
			files = (
			);
			runOnlyForDeploymentPostprocessing = 0;
		};
		67739D932367034A00B43C34 /* Frameworks */ = {
			isa = PBXFrameworksBuildPhase;
			buildActionMask = 2147483647;
			files = (
			);
			runOnlyForDeploymentPostprocessing = 0;
		};
/* End PBXFrameworksBuildPhase section */

/* Begin PBXGroup section */
		672423E92379C4A600A2A170 /* Account */ = {
			isa = PBXGroup;
			children = (
				672423EA2379C4DE00A2A170 /* ProfileVC.swift */,
				672423EC2379C51400A2A170 /* AddressVC.swift */,
				672423EE2379C52400A2A170 /* OrdersVC.swift */,
				672423F02379C53900A2A170 /* RewardsVC.swift */,
				672423F32379E16C00A2A170 /* ResetPassVC.swift */,
				679A5163237A82B30050A41E /* AccountMenuVC.swift */,
				6738F31F238DB32A00D35E13 /* SelectAddressVC.swift */,
				6738F321238EB85500D35E13 /* WishListVC.swift */,
			);
			path = Account;
			sourceTree = "<group>";
		};
		67309E3B23758637004E5D55 /* Cells */ = {
			isa = PBXGroup;
			children = (
				67309E3C2375865D004E5D55 /* IntroCell.swift */,
				679A516F237B57510050A41E /* OrderCell.swift */,
				679A5173237BF5A50050A41E /* CategoryCell.swift */,
				6738F323238FDEB600D35E13 /* MenuItemCell.swift */,
				6738F3252390A94F00D35E13 /* CategoryItemCell.swift */,
				6738F3272390A96A00D35E13 /* WishlistCell.swift */,
				6738F32923917C8100D35E13 /* CartCell.swift */,
				6792ABAB23960F61009F57B7 /* AddressCell.swift */,
				6792ABAF23974E76009F57B7 /* CheckoutCell.swift */,
				671BD680239DBC18008A29EF /* OrderHistoryCell.swift */,
			);
			path = Cells;
			sourceTree = "<group>";
		};
		67739D6C2367034300B43C34 = {
			isa = PBXGroup;
			children = (
				6788060C23A9810200F5C533 /* splash_video.mp4 */,
				67739D772367034300B43C34 /* DrinksMate */,
				67739D8E2367034A00B43C34 /* DrinksMateTests */,
				67739D992367034A00B43C34 /* DrinksMateUITests */,
				67739D762367034300B43C34 /* Products */,
				D0D40A8822573FE2D37BE480 /* Pods */,
				AF807D5F17D19BE56E2F5A11 /* Frameworks */,
			);
			sourceTree = "<group>";
		};
		67739D762367034300B43C34 /* Products */ = {
			isa = PBXGroup;
			children = (
				67739D752367034300B43C34 /* DrinksMate.app */,
				67739D8B2367034A00B43C34 /* DrinksMateTests.xctest */,
				67739D962367034A00B43C34 /* DrinksMateUITests.xctest */,
			);
			name = Products;
			sourceTree = "<group>";
		};
		67739D772367034300B43C34 /* DrinksMate */ = {
			isa = PBXGroup;
			children = (
				67AB3BC123B4F84A0081B479 /* DrinksMate.entitlements */,
				679A516A237B393B0050A41E /* Models */,
				679A5165237A9A0D0050A41E /* Util */,
				672423E92379C4A600A2A170 /* Account */,
				67309E3B23758637004E5D55 /* Cells */,
				67A05A0B2377F22300C49877 /* about_us.htm */,
				670A0E81236881A00000EE68 /* privacy_policy.htm */,
				670A0E82236881A00000EE68 /* terms_conditions.htm */,
				67739D782367034300B43C34 /* AppDelegate.swift */,
				67739D7C2367034300B43C34 /* ViewController.swift */,
				67739D7E2367034300B43C34 /* Main.storyboard */,
				67739D812367034A00B43C34 /* Assets.xcassets */,
				67739D832367034A00B43C34 /* LaunchScreen.storyboard */,
				67AB3BBF23B4CD5A0081B479 /* GoogleService-Info.plist */,
				67739D862367034A00B43C34 /* Info.plist */,
				67739DA82367810B00B43C34 /* FirstVC.swift */,
				67739DAA236782CF00B43C34 /* SigninVC.swift */,
				67739DAC236782E100B43C34 /* RegisterVC.swift */,
				67739DAE2367833600B43C34 /* ForgotPasswordVC.swift */,
				670A0E7F23687E090000EE68 /* PolicyVC.swift */,
				67F3BFE92368AD8F0075B0B2 /* AppUtil.swift */,
				6722CFA52370139B002824F7 /* MainVC.swift */,
				6722CFA7237013CF002824F7 /* HomeVC.swift */,
				6722CFA9237013E8002824F7 /* AccountVC.swift */,
				6722CFAB237013FA002824F7 /* CartVC.swift */,
				678C873123743DD000B4E133 /* ResetPasswordVC.swift */,
				678C873323752F0400B4E133 /* BarVC.swift */,
				67309E402377EA3F004E5D55 /* MenuVC.swift */,
				67A05A0D2377F47F00C49877 /* ContactUsVC.swift */,
				679A5171237BCF460050A41E /* CategoryVC.swift */,
				67200934237D638F00006DCB /* MenuItemVC.swift */,
				6735A5A423935AA50005B10D /* CheckOutVC.swift */,
				6729146B2398118D005C02AB /* SearchVC.swift */,
				673201F5239E79BC0075EABD /* NotificationVC.swift */,
				673201F7239E994B0075EABD /* PayMarkVC.swift */,
				673201F9239E996D0075EABD /* CodVC.swift */,
			);
			path = DrinksMate;
			sourceTree = "<group>";
		};
		67739D8E2367034A00B43C34 /* DrinksMateTests */ = {
			isa = PBXGroup;
			children = (
				67739D8F2367034A00B43C34 /* DrinksMateTests.swift */,
				67739D912367034A00B43C34 /* Info.plist */,
			);
			path = DrinksMateTests;
			sourceTree = "<group>";
		};
		67739D992367034A00B43C34 /* DrinksMateUITests */ = {
			isa = PBXGroup;
			children = (
				67739D9A2367034A00B43C34 /* DrinksMateUITests.swift */,
				67739D9C2367034A00B43C34 /* Info.plist */,
			);
			path = DrinksMateUITests;
			sourceTree = "<group>";
		};
		679A5165237A9A0D0050A41E /* Util */ = {
			isa = PBXGroup;
			children = (
				679A5167237A9A340050A41E /* UIView+Border.h */,
				679A5168237A9A340050A41E /* UIView+Border.m */,
				679A5166237A9A330050A41E /* DrinksMate-Bridging-Header.h */,
			);
			path = Util;
			sourceTree = "<group>";
		};
		679A516A237B393B0050A41E /* Models */ = {
			isa = PBXGroup;
			children = (
				67F8F0242369C51D00CB667C /* DrinkUser.swift */,
				679A516B237B396A0050A41E /* MenuCategory.swift */,
				679A516D237B39790050A41E /* MenuItem.swift */,
				67E2CCE02389F64700EDF979 /* SubCategory.swift */,
				6792ABAD239621C1009F57B7 /* UserAddress.swift */,
				671BD67C239DA18F008A29EF /* Order.swift */,
				671BD67E239DA228008A29EF /* Payment.swift */,
				673201F3239E70040075EABD /* Notification.swift */,
			);
			path = Models;
			sourceTree = "<group>";
		};
		AF807D5F17D19BE56E2F5A11 /* Frameworks */ = {
			isa = PBXGroup;
			children = (
				90668F7AB62403E17E15DF0C /* Pods_DrinksMate.framework */,
			);
			name = Frameworks;
			sourceTree = "<group>";
		};
		D0D40A8822573FE2D37BE480 /* Pods */ = {
			isa = PBXGroup;
			children = (
				F1610FD7EDD897ACB2766FD3 /* Pods-DrinksMate.debug.xcconfig */,
				6B06B0480E5E917450A934E4 /* Pods-DrinksMate.release.xcconfig */,
			);
			path = Pods;
			sourceTree = "<group>";
		};
/* End PBXGroup section */

/* Begin PBXNativeTarget section */
		67739D742367034300B43C34 /* DrinksMate */ = {
			isa = PBXNativeTarget;
			buildConfigurationList = 67739D9F2367034A00B43C34 /* Build configuration list for PBXNativeTarget "DrinksMate" */;
			buildPhases = (
				18D7A94003015929CE6629E8 /* [CP] Check Pods Manifest.lock */,
				67739D712367034300B43C34 /* Sources */,
				67739D722367034300B43C34 /* Frameworks */,
				67739D732367034300B43C34 /* Resources */,
				93E21D20A22FDB50719979DC /* [CP] Embed Pods Frameworks */,
				4446429ADF43D8ED194317F0 /* [CP] Copy Pods Resources */,
			);
			buildRules = (
			);
			dependencies = (
			);
			name = DrinksMate;
			productName = DrinksMate;
			productReference = 67739D752367034300B43C34 /* DrinksMate.app */;
			productType = "com.apple.product-type.application";
		};
		67739D8A2367034A00B43C34 /* DrinksMateTests */ = {
			isa = PBXNativeTarget;
			buildConfigurationList = 67739DA22367034A00B43C34 /* Build configuration list for PBXNativeTarget "DrinksMateTests" */;
			buildPhases = (
				67739D872367034A00B43C34 /* Sources */,
				67739D882367034A00B43C34 /* Frameworks */,
				67739D892367034A00B43C34 /* Resources */,
			);
			buildRules = (
			);
			dependencies = (
				67739D8D2367034A00B43C34 /* PBXTargetDependency */,
			);
			name = DrinksMateTests;
			productName = DrinksMateTests;
			productReference = 67739D8B2367034A00B43C34 /* DrinksMateTests.xctest */;
			productType = "com.apple.product-type.bundle.unit-test";
		};
		67739D952367034A00B43C34 /* DrinksMateUITests */ = {
			isa = PBXNativeTarget;
			buildConfigurationList = 67739DA52367034A00B43C34 /* Build configuration list for PBXNativeTarget "DrinksMateUITests" */;
			buildPhases = (
				67739D922367034A00B43C34 /* Sources */,
				67739D932367034A00B43C34 /* Frameworks */,
				67739D942367034A00B43C34 /* Resources */,
			);
			buildRules = (
			);
			dependencies = (
				67739D982367034A00B43C34 /* PBXTargetDependency */,
			);
			name = DrinksMateUITests;
			productName = DrinksMateUITests;
			productReference = 67739D962367034A00B43C34 /* DrinksMateUITests.xctest */;
			productType = "com.apple.product-type.bundle.ui-testing";
		};
/* End PBXNativeTarget section */

/* Begin PBXProject section */
		67739D6D2367034300B43C34 /* Project object */ = {
			isa = PBXProject;
			attributes = {
				LastSwiftUpdateCheck = 1110;
				LastUpgradeCheck = 1110;
				ORGANIZATIONNAME = LeemingJin;
				TargetAttributes = {
					67739D742367034300B43C34 = {
						CreatedOnToolsVersion = 11.1;
						LastSwiftMigration = 1120;
					};
					67739D8A2367034A00B43C34 = {
						CreatedOnToolsVersion = 11.1;
						TestTargetID = 67739D742367034300B43C34;
					};
					67739D952367034A00B43C34 = {
						CreatedOnToolsVersion = 11.1;
						TestTargetID = 67739D742367034300B43C34;
					};
				};
			};
			buildConfigurationList = 67739D702367034300B43C34 /* Build configuration list for PBXProject "DrinksMate" */;
			compatibilityVersion = "Xcode 9.3";
			developmentRegion = en;
			hasScannedForEncodings = 0;
			knownRegions = (
				en,
				Base,
			);
			mainGroup = 67739D6C2367034300B43C34;
			productRefGroup = 67739D762367034300B43C34 /* Products */;
			projectDirPath = "";
			projectRoot = "";
			targets = (
				67739D742367034300B43C34 /* DrinksMate */,
				67739D8A2367034A00B43C34 /* DrinksMateTests */,
				67739D952367034A00B43C34 /* DrinksMateUITests */,
			);
		};
/* End PBXProject section */

/* Begin PBXResourcesBuildPhase section */
		67739D732367034300B43C34 /* Resources */ = {
			isa = PBXResourcesBuildPhase;
			buildActionMask = 2147483647;
			files = (
				6788060D23A9810200F5C533 /* splash_video.mp4 in Resources */,
				67AB3BC023B4CD5B0081B479 /* GoogleService-Info.plist in Resources */,
				67739D852367034A00B43C34 /* LaunchScreen.storyboard in Resources */,
				67739D822367034A00B43C34 /* Assets.xcassets in Resources */,
				670A0E83236881A10000EE68 /* privacy_policy.htm in Resources */,
				670A0E84236881A10000EE68 /* terms_conditions.htm in Resources */,
				67739D802367034300B43C34 /* Main.storyboard in Resources */,
				67A05A0C2377F22300C49877 /* about_us.htm in Resources */,
			);
			runOnlyForDeploymentPostprocessing = 0;
		};
		67739D892367034A00B43C34 /* Resources */ = {
			isa = PBXResourcesBuildPhase;
			buildActionMask = 2147483647;
			files = (
			);
			runOnlyForDeploymentPostprocessing = 0;
		};
		67739D942367034A00B43C34 /* Resources */ = {
			isa = PBXResourcesBuildPhase;
			buildActionMask = 2147483647;
			files = (
			);
			runOnlyForDeploymentPostprocessing = 0;
		};
/* End PBXResourcesBuildPhase section */

/* Begin PBXShellScriptBuildPhase section */
		18D7A94003015929CE6629E8 /* [CP] Check Pods Manifest.lock */ = {
			isa = PBXShellScriptBuildPhase;
			buildActionMask = 2147483647;
			files = (
			);
			inputFileListPaths = (
			);
			inputPaths = (
				"${PODS_PODFILE_DIR_PATH}/Podfile.lock",
				"${PODS_ROOT}/Manifest.lock",
			);
			name = "[CP] Check Pods Manifest.lock";
			outputFileListPaths = (
			);
			outputPaths = (
				"$(DERIVED_FILE_DIR)/Pods-DrinksMate-checkManifestLockResult.txt",
			);
			runOnlyForDeploymentPostprocessing = 0;
			shellPath = /bin/sh;
			shellScript = "diff \"${PODS_PODFILE_DIR_PATH}/Podfile.lock\" \"${PODS_ROOT}/Manifest.lock\" > /dev/null\nif [ $? != 0 ] ; then\n    # print error to STDERR\n    echo \"error: The sandbox is not in sync with the Podfile.lock. Run 'pod install' or update your CocoaPods installation.\" >&2\n    exit 1\nfi\n# This output is used by Xcode 'outputs' to avoid re-running this script phase.\necho \"SUCCESS\" > \"${SCRIPT_OUTPUT_FILE_0}\"\n";
			showEnvVarsInLog = 0;
		};
		4446429ADF43D8ED194317F0 /* [CP] Copy Pods Resources */ = {
			isa = PBXShellScriptBuildPhase;
			buildActionMask = 2147483647;
			files = (
			);
			inputFileListPaths = (
				"${PODS_ROOT}/Target Support Files/Pods-DrinksMate/Pods-DrinksMate-resources-${CONFIGURATION}-input-files.xcfilelist",
			);
			name = "[CP] Copy Pods Resources";
			outputFileListPaths = (
				"${PODS_ROOT}/Target Support Files/Pods-DrinksMate/Pods-DrinksMate-resources-${CONFIGURATION}-output-files.xcfilelist",
			);
			runOnlyForDeploymentPostprocessing = 0;
			shellPath = /bin/sh;
			shellScript = "\"${PODS_ROOT}/Target Support Files/Pods-DrinksMate/Pods-DrinksMate-resources.sh\"\n";
			showEnvVarsInLog = 0;
		};
		93E21D20A22FDB50719979DC /* [CP] Embed Pods Frameworks */ = {
			isa = PBXShellScriptBuildPhase;
			buildActionMask = 2147483647;
			files = (
			);
			inputFileListPaths = (
				"${PODS_ROOT}/Target Support Files/Pods-DrinksMate/Pods-DrinksMate-frameworks-${CONFIGURATION}-input-files.xcfilelist",
			);
			name = "[CP] Embed Pods Frameworks";
			outputFileListPaths = (
				"${PODS_ROOT}/Target Support Files/Pods-DrinksMate/Pods-DrinksMate-frameworks-${CONFIGURATION}-output-files.xcfilelist",
			);
			runOnlyForDeploymentPostprocessing = 0;
			shellPath = /bin/sh;
			shellScript = "\"${PODS_ROOT}/Target Support Files/Pods-DrinksMate/Pods-DrinksMate-frameworks.sh\"\n";
			showEnvVarsInLog = 0;
		};
/* End PBXShellScriptBuildPhase section */

/* Begin PBXSourcesBuildPhase section */
		67739D712367034300B43C34 /* Sources */ = {
			isa = PBXSourcesBuildPhase;
			buildActionMask = 2147483647;
			files = (
				67739D7D2367034300B43C34 /* ViewController.swift in Sources */,
				6738F32A23917C8100D35E13 /* CartCell.swift in Sources */,
				679A5164237A82B30050A41E /* AccountMenuVC.swift in Sources */,
				679A5170237B57510050A41E /* OrderCell.swift in Sources */,
				6738F322238EB85500D35E13 /* WishListVC.swift in Sources */,
				673201F4239E70040075EABD /* Notification.swift in Sources */,
				67F8F0252369C51D00CB667C /* DrinkUser.swift in Sources */,
				678C873423752F0400B4E133 /* BarVC.swift in Sources */,
				672423EB2379C4DE00A2A170 /* ProfileVC.swift in Sources */,
				6729146C2398118D005C02AB /* SearchVC.swift in Sources */,
				672423EF2379C52400A2A170 /* OrdersVC.swift in Sources */,
				6722CFAC237013FA002824F7 /* CartVC.swift in Sources */,
				671BD681239DBC18008A29EF /* OrderHistoryCell.swift in Sources */,
				672423F42379E16C00A2A170 /* ResetPassVC.swift in Sources */,
				67309E412377EA3F004E5D55 /* MenuVC.swift in Sources */,
				67A05A0E2377F47F00C49877 /* ContactUsVC.swift in Sources */,
				67739DAF2367833600B43C34 /* ForgotPasswordVC.swift in Sources */,
				672423F12379C53900A2A170 /* RewardsVC.swift in Sources */,
				679A516C237B396A0050A41E /* MenuCategory.swift in Sources */,
				67200935237D638F00006DCB /* MenuItemVC.swift in Sources */,
				6738F3282390A96A00D35E13 /* WishlistCell.swift in Sources */,
				670A0E8023687E090000EE68 /* PolicyVC.swift in Sources */,
				679A5172237BCF460050A41E /* CategoryVC.swift in Sources */,
				6738F324238FDEB600D35E13 /* MenuItemCell.swift in Sources */,
				67309E3D2375865D004E5D55 /* IntroCell.swift in Sources */,
				6722CFA62370139B002824F7 /* MainVC.swift in Sources */,
				67739DA92367810B00B43C34 /* FirstVC.swift in Sources */,
				6792ABAE239621C1009F57B7 /* UserAddress.swift in Sources */,
				671BD67D239DA18F008A29EF /* Order.swift in Sources */,
				67E2CCE12389F64700EDF979 /* SubCategory.swift in Sources */,
				67739DAB236782CF00B43C34 /* SigninVC.swift in Sources */,
				673201F8239E994B0075EABD /* PayMarkVC.swift in Sources */,
				673201F6239E79BC0075EABD /* NotificationVC.swift in Sources */,
				673201FA239E996D0075EABD /* CodVC.swift in Sources */,
				6792ABAC23960F61009F57B7 /* AddressCell.swift in Sources */,
				6722CFAA237013E8002824F7 /* AccountVC.swift in Sources */,
				67739DAD236782E100B43C34 /* RegisterVC.swift in Sources */,
				67F3BFEA2368AD8F0075B0B2 /* AppUtil.swift in Sources */,
				6792ABB023974E76009F57B7 /* CheckoutCell.swift in Sources */,
				671BD67F239DA228008A29EF /* Payment.swift in Sources */,
				6738F320238DB32A00D35E13 /* SelectAddressVC.swift in Sources */,
				678C873223743DD000B4E133 /* ResetPasswordVC.swift in Sources */,
				679A5169237A9A340050A41E /* UIView+Border.m in Sources */,
				6738F3262390A94F00D35E13 /* CategoryItemCell.swift in Sources */,
				672423ED2379C51400A2A170 /* AddressVC.swift in Sources */,
				679A516E237B39790050A41E /* MenuItem.swift in Sources */,
				6722CFA8237013CF002824F7 /* HomeVC.swift in Sources */,
				6735A5A523935AA50005B10D /* CheckOutVC.swift in Sources */,
				67739D792367034300B43C34 /* AppDelegate.swift in Sources */,
				679A5174237BF5A50050A41E /* CategoryCell.swift in Sources */,
			);
			runOnlyForDeploymentPostprocessing = 0;
		};
		67739D872367034A00B43C34 /* Sources */ = {
			isa = PBXSourcesBuildPhase;
			buildActionMask = 2147483647;
			files = (
				67739D902367034A00B43C34 /* DrinksMateTests.swift in Sources */,
			);
			runOnlyForDeploymentPostprocessing = 0;
		};
		67739D922367034A00B43C34 /* Sources */ = {
			isa = PBXSourcesBuildPhase;
			buildActionMask = 2147483647;
			files = (
				67739D9B2367034A00B43C34 /* DrinksMateUITests.swift in Sources */,
			);
			runOnlyForDeploymentPostprocessing = 0;
		};
/* End PBXSourcesBuildPhase section */

/* Begin PBXTargetDependency section */
		67739D8D2367034A00B43C34 /* PBXTargetDependency */ = {
			isa = PBXTargetDependency;
			target = 67739D742367034300B43C34 /* DrinksMate */;
			targetProxy = 67739D8C2367034A00B43C34 /* PBXContainerItemProxy */;
		};
		67739D982367034A00B43C34 /* PBXTargetDependency */ = {
			isa = PBXTargetDependency;
			target = 67739D742367034300B43C34 /* DrinksMate */;
			targetProxy = 67739D972367034A00B43C34 /* PBXContainerItemProxy */;
		};
/* End PBXTargetDependency section */

/* Begin PBXVariantGroup section */
		67739D7E2367034300B43C34 /* Main.storyboard */ = {
			isa = PBXVariantGroup;
			children = (
				67739D7F2367034300B43C34 /* Base */,
			);
			name = Main.storyboard;
			sourceTree = "<group>";
		};
		67739D832367034A00B43C34 /* LaunchScreen.storyboard */ = {
			isa = PBXVariantGroup;
			children = (
				67739D842367034A00B43C34 /* Base */,
			);
			name = LaunchScreen.storyboard;
			sourceTree = "<group>";
		};
/* End PBXVariantGroup section */

/* Begin XCBuildConfiguration section */
		67739D9D2367034A00B43C34 /* Debug */ = {
			isa = XCBuildConfiguration;
			buildSettings = {
				ALWAYS_SEARCH_USER_PATHS = NO;
				CLANG_ANALYZER_NONNULL = YES;
				CLANG_ANALYZER_NUMBER_OBJECT_CONVERSION = YES_AGGRESSIVE;
				CLANG_CXX_LANGUAGE_STANDARD = "gnu++14";
				CLANG_CXX_LIBRARY = "libc++";
				CLANG_ENABLE_MODULES = YES;
				CLANG_ENABLE_OBJC_ARC = YES;
				CLANG_ENABLE_OBJC_WEAK = YES;
				CLANG_WARN_BLOCK_CAPTURE_AUTORELEASING = YES;
				CLANG_WARN_BOOL_CONVERSION = YES;
				CLANG_WARN_COMMA = YES;
				CLANG_WARN_CONSTANT_CONVERSION = YES;
				CLANG_WARN_DEPRECATED_OBJC_IMPLEMENTATIONS = YES;
				CLANG_WARN_DIRECT_OBJC_ISA_USAGE = YES_ERROR;
				CLANG_WARN_DOCUMENTATION_COMMENTS = YES;
				CLANG_WARN_EMPTY_BODY = YES;
				CLANG_WARN_ENUM_CONVERSION = YES;
				CLANG_WARN_INFINITE_RECURSION = YES;
				CLANG_WARN_INT_CONVERSION = YES;
				CLANG_WARN_NON_LITERAL_NULL_CONVERSION = YES;
				CLANG_WARN_OBJC_IMPLICIT_RETAIN_SELF = YES;
				CLANG_WARN_OBJC_LITERAL_CONVERSION = YES;
				CLANG_WARN_OBJC_ROOT_CLASS = YES_ERROR;
				CLANG_WARN_RANGE_LOOP_ANALYSIS = YES;
				CLANG_WARN_STRICT_PROTOTYPES = YES;
				CLANG_WARN_SUSPICIOUS_MOVE = YES;
				CLANG_WARN_UNGUARDED_AVAILABILITY = YES_AGGRESSIVE;
				CLANG_WARN_UNREACHABLE_CODE = YES;
				CLANG_WARN__DUPLICATE_METHOD_MATCH = YES;
				COPY_PHASE_STRIP = NO;
				DEBUG_INFORMATION_FORMAT = dwarf;
				ENABLE_STRICT_OBJC_MSGSEND = YES;
				ENABLE_TESTABILITY = YES;
				GCC_C_LANGUAGE_STANDARD = gnu11;
				GCC_DYNAMIC_NO_PIC = NO;
				GCC_NO_COMMON_BLOCKS = YES;
				GCC_OPTIMIZATION_LEVEL = 0;
				GCC_PREPROCESSOR_DEFINITIONS = (
					"DEBUG=1",
					"$(inherited)",
				);
				GCC_WARN_64_TO_32_BIT_CONVERSION = YES;
				GCC_WARN_ABOUT_RETURN_TYPE = YES_ERROR;
				GCC_WARN_UNDECLARED_SELECTOR = YES;
				GCC_WARN_UNINITIALIZED_AUTOS = YES_AGGRESSIVE;
				GCC_WARN_UNUSED_FUNCTION = YES;
				GCC_WARN_UNUSED_VARIABLE = YES;
				IPHONEOS_DEPLOYMENT_TARGET = 12.0;
				MTL_ENABLE_DEBUG_INFO = INCLUDE_SOURCE;
				MTL_FAST_MATH = YES;
				ONLY_ACTIVE_ARCH = YES;
				SDKROOT = iphoneos;
				SWIFT_ACTIVE_COMPILATION_CONDITIONS = DEBUG;
				SWIFT_OPTIMIZATION_LEVEL = "-Onone";
			};
			name = Debug;
		};
		67739D9E2367034A00B43C34 /* Release */ = {
			isa = XCBuildConfiguration;
			buildSettings = {
				ALWAYS_SEARCH_USER_PATHS = NO;
				CLANG_ANALYZER_NONNULL = YES;
				CLANG_ANALYZER_NUMBER_OBJECT_CONVERSION = YES_AGGRESSIVE;
				CLANG_CXX_LANGUAGE_STANDARD = "gnu++14";
				CLANG_CXX_LIBRARY = "libc++";
				CLANG_ENABLE_MODULES = YES;
				CLANG_ENABLE_OBJC_ARC = YES;
				CLANG_ENABLE_OBJC_WEAK = YES;
				CLANG_WARN_BLOCK_CAPTURE_AUTORELEASING = YES;
				CLANG_WARN_BOOL_CONVERSION = YES;
				CLANG_WARN_COMMA = YES;
				CLANG_WARN_CONSTANT_CONVERSION = YES;
				CLANG_WARN_DEPRECATED_OBJC_IMPLEMENTATIONS = YES;
				CLANG_WARN_DIRECT_OBJC_ISA_USAGE = YES_ERROR;
				CLANG_WARN_DOCUMENTATION_COMMENTS = YES;
				CLANG_WARN_EMPTY_BODY = YES;
				CLANG_WARN_ENUM_CONVERSION = YES;
				CLANG_WARN_INFINITE_RECURSION = YES;
				CLANG_WARN_INT_CONVERSION = YES;
				CLANG_WARN_NON_LITERAL_NULL_CONVERSION = YES;
				CLANG_WARN_OBJC_IMPLICIT_RETAIN_SELF = YES;
				CLANG_WARN_OBJC_LITERAL_CONVERSION = YES;
				CLANG_WARN_OBJC_ROOT_CLASS = YES_ERROR;
				CLANG_WARN_RANGE_LOOP_ANALYSIS = YES;
				CLANG_WARN_STRICT_PROTOTYPES = YES;
				CLANG_WARN_SUSPICIOUS_MOVE = YES;
				CLANG_WARN_UNGUARDED_AVAILABILITY = YES_AGGRESSIVE;
				CLANG_WARN_UNREACHABLE_CODE = YES;
				CLANG_WARN__DUPLICATE_METHOD_MATCH = YES;
				COPY_PHASE_STRIP = NO;
				DEBUG_INFORMATION_FORMAT = "dwarf-with-dsym";
				ENABLE_NS_ASSERTIONS = NO;
				ENABLE_STRICT_OBJC_MSGSEND = YES;
				GCC_C_LANGUAGE_STANDARD = gnu11;
				GCC_NO_COMMON_BLOCKS = YES;
				GCC_WARN_64_TO_32_BIT_CONVERSION = YES;
				GCC_WARN_ABOUT_RETURN_TYPE = YES_ERROR;
				GCC_WARN_UNDECLARED_SELECTOR = YES;
				GCC_WARN_UNINITIALIZED_AUTOS = YES_AGGRESSIVE;
				GCC_WARN_UNUSED_FUNCTION = YES;
				GCC_WARN_UNUSED_VARIABLE = YES;
				IPHONEOS_DEPLOYMENT_TARGET = 12.0;
				MTL_ENABLE_DEBUG_INFO = NO;
				MTL_FAST_MATH = YES;
				SDKROOT = iphoneos;
				SWIFT_COMPILATION_MODE = wholemodule;
				SWIFT_OPTIMIZATION_LEVEL = "-O";
				VALIDATE_PRODUCT = YES;
			};
			name = Release;
		};
		67739DA02367034A00B43C34 /* Debug */ = {
			isa = XCBuildConfiguration;
			baseConfigurationReference = F1610FD7EDD897ACB2766FD3 /* Pods-DrinksMate.debug.xcconfig */;
			buildSettings = {
				ASSETCATALOG_COMPILER_APPICON_NAME = AppIcon;
				CLANG_ENABLE_MODULES = YES;
				CODE_SIGN_ENTITLEMENTS = DrinksMate/DrinksMate.entitlements;
				CODE_SIGN_STYLE = Automatic;
				CURRENT_PROJECT_VERSION = 33;
				DEVELOPMENT_TEAM = H77AGDMGJC;
				INFOPLIST_FILE = DrinksMate/Info.plist;
				LD_RUNPATH_SEARCH_PATHS = (
					"$(inherited)",
					"@executable_path/Frameworks",
				);
				MARKETING_VERSION = 1.5;
				PRODUCT_BUNDLE_IDENTIFIER = com.devlee.DrinksMate;
				PRODUCT_NAME = "$(TARGET_NAME)";
				SWIFT_OBJC_BRIDGING_HEADER = "DrinksMate/Util/DrinksMate-Bridging-Header.h";
				SWIFT_OPTIMIZATION_LEVEL = "-Onone";
				SWIFT_VERSION = 5.0;
				TARGETED_DEVICE_FAMILY = 1;
			};
			name = Debug;
		};
		67739DA12367034A00B43C34 /* Release */ = {
			isa = XCBuildConfiguration;
			baseConfigurationReference = 6B06B0480E5E917450A934E4 /* Pods-DrinksMate.release.xcconfig */;
			buildSettings = {
				ASSETCATALOG_COMPILER_APPICON_NAME = AppIcon;
				CLANG_ENABLE_MODULES = YES;
				CODE_SIGN_ENTITLEMENTS = DrinksMate/DrinksMate.entitlements;
				CODE_SIGN_STYLE = Automatic;
				CURRENT_PROJECT_VERSION = 33;
				DEVELOPMENT_TEAM = H77AGDMGJC;
				INFOPLIST_FILE = DrinksMate/Info.plist;
				LD_RUNPATH_SEARCH_PATHS = (
					"$(inherited)",
					"@executable_path/Frameworks",
				);
				MARKETING_VERSION = 1.5;
				PRODUCT_BUNDLE_IDENTIFIER = com.devlee.DrinksMate;
				PRODUCT_NAME = "$(TARGET_NAME)";
				SWIFT_OBJC_BRIDGING_HEADER = "DrinksMate/Util/DrinksMate-Bridging-Header.h";
				SWIFT_VERSION = 5.0;
				TARGETED_DEVICE_FAMILY = 1;
			};
			name = Release;
		};
		67739DA32367034A00B43C34 /* Debug */ = {
			isa = XCBuildConfiguration;
			buildSettings = {
				ALWAYS_EMBED_SWIFT_STANDARD_LIBRARIES = YES;
				BUNDLE_LOADER = "$(TEST_HOST)";
				CODE_SIGN_STYLE = Automatic;
				INFOPLIST_FILE = DrinksMateTests/Info.plist;
				IPHONEOS_DEPLOYMENT_TARGET = 13.1;
				LD_RUNPATH_SEARCH_PATHS = (
					"$(inherited)",
					"@executable_path/Frameworks",
					"@loader_path/Frameworks",
				);
				PRODUCT_BUNDLE_IDENTIFIER = com.devlee.DrinksMateTests;
				PRODUCT_NAME = "$(TARGET_NAME)";
				SWIFT_VERSION = 5.0;
				TARGETED_DEVICE_FAMILY = "1,2";
				TEST_HOST = "$(BUILT_PRODUCTS_DIR)/DrinksMate.app/DrinksMate";
			};
			name = Debug;
		};
		67739DA42367034A00B43C34 /* Release */ = {
			isa = XCBuildConfiguration;
			buildSettings = {
				ALWAYS_EMBED_SWIFT_STANDARD_LIBRARIES = YES;
				BUNDLE_LOADER = "$(TEST_HOST)";
				CODE_SIGN_STYLE = Automatic;
				INFOPLIST_FILE = DrinksMateTests/Info.plist;
				IPHONEOS_DEPLOYMENT_TARGET = 13.1;
				LD_RUNPATH_SEARCH_PATHS = (
					"$(inherited)",
					"@executable_path/Frameworks",
					"@loader_path/Frameworks",
				);
				PRODUCT_BUNDLE_IDENTIFIER = com.devlee.DrinksMateTests;
				PRODUCT_NAME = "$(TARGET_NAME)";
				SWIFT_VERSION = 5.0;
				TARGETED_DEVICE_FAMILY = "1,2";
				TEST_HOST = "$(BUILT_PRODUCTS_DIR)/DrinksMate.app/DrinksMate";
			};
			name = Release;
		};
		67739DA62367034A00B43C34 /* Debug */ = {
			isa = XCBuildConfiguration;
			buildSettings = {
				ALWAYS_EMBED_SWIFT_STANDARD_LIBRARIES = YES;
				CODE_SIGN_STYLE = Automatic;
				INFOPLIST_FILE = DrinksMateUITests/Info.plist;
				LD_RUNPATH_SEARCH_PATHS = (
					"$(inherited)",
					"@executable_path/Frameworks",
					"@loader_path/Frameworks",
				);
				PRODUCT_BUNDLE_IDENTIFIER = com.devlee.DrinksMateUITests;
				PRODUCT_NAME = "$(TARGET_NAME)";
				SWIFT_VERSION = 5.0;
				TARGETED_DEVICE_FAMILY = "1,2";
				TEST_TARGET_NAME = DrinksMate;
			};
			name = Debug;
		};
		67739DA72367034A00B43C34 /* Release */ = {
			isa = XCBuildConfiguration;
			buildSettings = {
				ALWAYS_EMBED_SWIFT_STANDARD_LIBRARIES = YES;
				CODE_SIGN_STYLE = Automatic;
				INFOPLIST_FILE = DrinksMateUITests/Info.plist;
				LD_RUNPATH_SEARCH_PATHS = (
					"$(inherited)",
					"@executable_path/Frameworks",
					"@loader_path/Frameworks",
				);
				PRODUCT_BUNDLE_IDENTIFIER = com.devlee.DrinksMateUITests;
				PRODUCT_NAME = "$(TARGET_NAME)";
				SWIFT_VERSION = 5.0;
				TARGETED_DEVICE_FAMILY = "1,2";
				TEST_TARGET_NAME = DrinksMate;
			};
			name = Release;
		};
/* End XCBuildConfiguration section */

/* Begin XCConfigurationList section */
		67739D702367034300B43C34 /* Build configuration list for PBXProject "DrinksMate" */ = {
			isa = XCConfigurationList;
			buildConfigurations = (
				67739D9D2367034A00B43C34 /* Debug */,
				67739D9E2367034A00B43C34 /* Release */,
			);
			defaultConfigurationIsVisible = 0;
			defaultConfigurationName = Release;
		};
		67739D9F2367034A00B43C34 /* Build configuration list for PBXNativeTarget "DrinksMate" */ = {
			isa = XCConfigurationList;
			buildConfigurations = (
				67739DA02367034A00B43C34 /* Debug */,
				67739DA12367034A00B43C34 /* Release */,
			);
			defaultConfigurationIsVisible = 0;
			defaultConfigurationName = Release;
		};
		67739DA22367034A00B43C34 /* Build configuration list for PBXNativeTarget "DrinksMateTests" */ = {
			isa = XCConfigurationList;
			buildConfigurations = (
				67739DA32367034A00B43C34 /* Debug */,
				67739DA42367034A00B43C34 /* Release */,
			);
			defaultConfigurationIsVisible = 0;
			defaultConfigurationName = Release;
		};
		67739DA52367034A00B43C34 /* Build configuration list for PBXNativeTarget "DrinksMateUITests" */ = {
			isa = XCConfigurationList;
			buildConfigurations = (
				67739DA62367034A00B43C34 /* Debug */,
				67739DA72367034A00B43C34 /* Release */,
			);
			defaultConfigurationIsVisible = 0;
			defaultConfigurationName = Release;
		};
/* End XCConfigurationList section */
	};
	rootObject = 67739D6D2367034300B43C34 /* Project object */;
}
